// !$*UTF8*$!
{
	archiveVersion = 1;
	classes = {
	};
	objectVersion = 51;
	objects = {

/* Begin PBXBuildFile section */
		80461ABA25C40953009666D5 /* postbox.json in Resources */ = {isa = PBXBuildFile; fileRef = 80461AB925C40953009666D5 /* postbox.json */; };
		80B3803325C33B860049FC6F /* AppDelegate.swift in Sources */ = {isa = PBXBuildFile; fileRef = 80B3803225C33B860049FC6F /* AppDelegate.swift */; };
		80B3803525C33B860049FC6F /* SceneDelegate.swift in Sources */ = {isa = PBXBuildFile; fileRef = 80B3803425C33B860049FC6F /* SceneDelegate.swift */; };
		80B3803A25C33B860049FC6F /* Main.storyboard in Resources */ = {isa = PBXBuildFile; fileRef = 80B3803825C33B860049FC6F /* Main.storyboard */; };
		80B3803C25C33B890049FC6F /* Assets.xcassets in Resources */ = {isa = PBXBuildFile; fileRef = 80B3803B25C33B890049FC6F /* Assets.xcassets */; };
		80B3803F25C33B890049FC6F /* LaunchScreen.storyboard in Resources */ = {isa = PBXBuildFile; fileRef = 80B3803D25C33B890049FC6F /* LaunchScreen.storyboard */; };
		80B3805025C33EBF0049FC6F /* PostsTable.swift in Sources */ = {isa = PBXBuildFile; fileRef = 80B3804F25C33EBF0049FC6F /* PostsTable.swift */; };
		80B3805425C33EE10049FC6F /* Posts.swift in Sources */ = {isa = PBXBuildFile; fileRef = 80B3805325C33EE10049FC6F /* Posts.swift */; };
		80B3805B25C344FF0049FC6F /* NewsDetail.swift in Sources */ = {isa = PBXBuildFile; fileRef = 80B3805A25C344FF0049FC6F /* NewsDetail.swift */; };
		80B3806025C378240049FC6F /* PottaOne-Regular.ttf in Resources */ = {isa = PBXBuildFile; fileRef = 80B3805F25C378240049FC6F /* PottaOne-Regular.ttf */; };
		CF3E43DCF3AA50C2A7AE46CA /* Pods_Turkcell_Odev5_Posts.framework in Frameworks */ = {isa = PBXBuildFile; fileRef = F0713EEE05B3E41D988308DC /* Pods_Turkcell_Odev5_Posts.framework */; };
/* End PBXBuildFile section */

/* Begin PBXFileReference section */
		80461AB925C40953009666D5 /* postbox.json */ = {isa = PBXFileReference; fileEncoding = 4; lastKnownFileType = text.json; path = postbox.json; sourceTree = "<group>"; };
		80B3802F25C33B860049FC6F /* Turkcell_Odev5_Posts.app */ = {isa = PBXFileReference; explicitFileType = wrapper.application; includeInIndex = 0; path = Turkcell_Odev5_Posts.app; sourceTree = BUILT_PRODUCTS_DIR; };
		80B3803225C33B860049FC6F /* AppDelegate.swift */ = {isa = PBXFileReference; lastKnownFileType = sourcecode.swift; path = AppDelegate.swift; sourceTree = "<group>"; };
		80B3803425C33B860049FC6F /* SceneDelegate.swift */ = {isa = PBXFileReference; lastKnownFileType = sourcecode.swift; path = SceneDelegate.swift; sourceTree = "<group>"; };
		80B3803925C33B860049FC6F /* Base */ = {isa = PBXFileReference; lastKnownFileType = file.storyboard; name = Base; path = Base.lproj/Main.storyboard; sourceTree = "<group>"; };
		80B3803B25C33B890049FC6F /* Assets.xcassets */ = {isa = PBXFileReference; lastKnownFileType = folder.assetcatalog; path = Assets.xcassets; sourceTree = "<group>"; };
		80B3803E25C33B890049FC6F /* Base */ = {isa = PBXFileReference; lastKnownFileType = file.storyboard; name = Base; path = Base.lproj/LaunchScreen.storyboard; sourceTree = "<group>"; };
		80B3804025C33B890049FC6F /* Info.plist */ = {isa = PBXFileReference; lastKnownFileType = text.plist.xml; path = Info.plist; sourceTree = "<group>"; };
		80B3804F25C33EBF0049FC6F /* PostsTable.swift */ = {isa = PBXFileReference; lastKnownFileType = sourcecode.swift; path = PostsTable.swift; sourceTree = "<group>"; };
		80B3805325C33EE10049FC6F /* Posts.swift */ = {isa = PBXFileReference; lastKnownFileType = sourcecode.swift; path = Posts.swift; sourceTree = "<group>"; };
		80B3805A25C344FF0049FC6F /* NewsDetail.swift */ = {isa = PBXFileReference; lastKnownFileType = sourcecode.swift; path = NewsDetail.swift; sourceTree = "<group>"; };
		80B3805F25C378240049FC6F /* PottaOne-Regular.ttf */ = {isa = PBXFileReference; lastKnownFileType = file; path = "PottaOne-Regular.ttf"; sourceTree = "<group>"; };
		BA9CC62411F9C4BA7465A3C9 /* Pods-Turkcell_Odev5_Posts.release.xcconfig */ = {isa = PBXFileReference; includeInIndex = 1; lastKnownFileType = text.xcconfig; name = "Pods-Turkcell_Odev5_Posts.release.xcconfig"; path = "Target Support Files/Pods-Turkcell_Odev5_Posts/Pods-Turkcell_Odev5_Posts.release.xcconfig"; sourceTree = "<group>"; };
		D7032EEA8C283C3A1989ED62 /* Pods-Turkcell_Odev5_Posts.debug.xcconfig */ = {isa = PBXFileReference; includeInIndex = 1; lastKnownFileType = text.xcconfig; name = "Pods-Turkcell_Odev5_Posts.debug.xcconfig"; path = "Target Support Files/Pods-Turkcell_Odev5_Posts/Pods-Turkcell_Odev5_Posts.debug.xcconfig"; sourceTree = "<group>"; };
		F0713EEE05B3E41D988308DC /* Pods_Turkcell_Odev5_Posts.framework */ = {isa = PBXFileReference; explicitFileType = wrapper.framework; includeInIndex = 0; path = Pods_Turkcell_Odev5_Posts.framework; sourceTree = BUILT_PRODUCTS_DIR; };
/* End PBXFileReference section */

/* Begin PBXFrameworksBuildPhase section */
		80B3802C25C33B860049FC6F /* Frameworks */ = {
			isa = PBXFrameworksBuildPhase;
			buildActionMask = 2147483647;
			files = (
				CF3E43DCF3AA50C2A7AE46CA /* Pods_Turkcell_Odev5_Posts.framework in Frameworks */,
			);
			runOnlyForDeploymentPostprocessing = 0;
		};
/* End PBXFrameworksBuildPhase section */

/* Begin PBXGroup section */
		80461AB825C40929009666D5 /* Animation */ = {
			isa = PBXGroup;
			children = (
				80461AB925C40953009666D5 /* postbox.json */,
			);
			path = Animation;
			sourceTree = "<group>";
		};
		80B3802625C33B860049FC6F = {
			isa = PBXGroup;
			children = (
				80B3803125C33B860049FC6F /* Turkcell_Odev5_Posts */,
				80B3803025C33B860049FC6F /* Products */,
				9C857B21EA0FDA957670AFBF /* Pods */,
				E26A4CFF485E78611E9C4430 /* Frameworks */,
			);
			sourceTree = "<group>";
		};
		80B3803025C33B860049FC6F /* Products */ = {
			isa = PBXGroup;
			children = (
				80B3802F25C33B860049FC6F /* Turkcell_Odev5_Posts.app */,
			);
			name = Products;
			sourceTree = "<group>";
		};
		80B3803125C33B860049FC6F /* Turkcell_Odev5_Posts */ = {
			isa = PBXGroup;
			children = (
				80461AB825C40929009666D5 /* Animation */,
				80B3805E25C377F80049FC6F /* Fonts */,
				80B3805225C33EC50049FC6F /* Struct */,
				80B3803225C33B860049FC6F /* AppDelegate.swift */,
				80B3803425C33B860049FC6F /* SceneDelegate.swift */,
				80B3803825C33B860049FC6F /* Main.storyboard */,
				80B3803B25C33B890049FC6F /* Assets.xcassets */,
				80B3803D25C33B890049FC6F /* LaunchScreen.storyboard */,
				80B3804025C33B890049FC6F /* Info.plist */,
				80B3804F25C33EBF0049FC6F /* PostsTable.swift */,
				80B3805A25C344FF0049FC6F /* NewsDetail.swift */,
			);
			path = Turkcell_Odev5_Posts;
			sourceTree = "<group>";
		};
		80B3805225C33EC50049FC6F /* Struct */ = {
			isa = PBXGroup;
			children = (
				80B3805325C33EE10049FC6F /* Posts.swift */,
			);
			path = Struct;
			sourceTree = "<group>";
		};
		80B3805E25C377F80049FC6F /* Fonts */ = {
			isa = PBXGroup;
			children = (
				80B3805F25C378240049FC6F /* PottaOne-Regular.ttf */,
			);
			path = Fonts;
			sourceTree = "<group>";
		};
		9C857B21EA0FDA957670AFBF /* Pods */ = {
			isa = PBXGroup;
			children = (
				D7032EEA8C283C3A1989ED62 /* Pods-Turkcell_Odev5_Posts.debug.xcconfig */,
				BA9CC62411F9C4BA7465A3C9 /* Pods-Turkcell_Odev5_Posts.release.xcconfig */,
			);
			path = Pods;
			sourceTree = "<group>";
		};
		E26A4CFF485E78611E9C4430 /* Frameworks */ = {
			isa = PBXGroup;
			children = (
				F0713EEE05B3E41D988308DC /* Pods_Turkcell_Odev5_Posts.framework */,
			);
			name = Frameworks;
			sourceTree = "<group>";
		};
/* End PBXGroup section */

/* Begin PBXNativeTarget section */
		80B3802E25C33B860049FC6F /* Turkcell_Odev5_Posts */ = {
			isa = PBXNativeTarget;
			buildConfigurationList = 80B3804325C33B890049FC6F /* Build configuration list for PBXNativeTarget "Turkcell_Odev5_Posts" */;
			buildPhases = (
				3EA7A2A569AAA072B3EDB037 /* [CP] Check Pods Manifest.lock */,
				80B3802B25C33B860049FC6F /* Sources */,
				80B3802C25C33B860049FC6F /* Frameworks */,
				80B3802D25C33B860049FC6F /* Resources */,
				CF2C305878522C7881E19950 /* [CP] Embed Pods Frameworks */,
			);
			buildRules = (
			);
			dependencies = (
			);
			name = Turkcell_Odev5_Posts;
			productName = Turkcell_Odev5_Posts;
			productReference = 80B3802F25C33B860049FC6F /* Turkcell_Odev5_Posts.app */;
			productType = "com.apple.product-type.application";
		};
/* End PBXNativeTarget section */

/* Begin PBXProject section */
		80B3802725C33B860049FC6F /* Project object */ = {
			isa = PBXProject;
			attributes = {
				LastSwiftUpdateCheck = 1240;
				LastUpgradeCheck = 1240;
				TargetAttributes = {
					80B3802E25C33B860049FC6F = {
						CreatedOnToolsVersion = 12.4;
					};
				};
			};
			buildConfigurationList = 80B3802A25C33B860049FC6F /* Build configuration list for PBXProject "Turkcell_Odev5_Posts" */;
			compatibilityVersion = "Xcode 9.3";
			developmentRegion = en;
			hasScannedForEncodings = 0;
			knownRegions = (
				en,
				Base,
			);
			mainGroup = 80B3802625C33B860049FC6F;
			productRefGroup = 80B3803025C33B860049FC6F /* Products */;
			projectDirPath = "";
			projectRoot = "";
			targets = (
				80B3802E25C33B860049FC6F /* Turkcell_Odev5_Posts */,
			);
		};
/* End PBXProject section */

/* Begin PBXResourcesBuildPhase section */
		80B3802D25C33B860049FC6F /* Resources */ = {
			isa = PBXResourcesBuildPhase;
			buildActionMask = 2147483647;
			files = (
				80B3803F25C33B890049FC6F /* LaunchScreen.storyboard in Resources */,
				80B3806025C378240049FC6F /* PottaOne-Regular.ttf in Resources */,
				80B3803C25C33B890049FC6F /* Assets.xcassets in Resources */,
				80461ABA25C40953009666D5 /* postbox.json in Resources */,
				80B3803A25C33B860049FC6F /* Main.storyboard in Resources */,
			);
			runOnlyForDeploymentPostprocessing = 0;
		};
/* End PBXResourcesBuildPhase section */

/* Begin PBXShellScriptBuildPhase section */
		3EA7A2A569AAA072B3EDB037 /* [CP] Check Pods Manifest.lock */ = {
			isa = PBXShellScriptBuildPhase;
			buildActionMask = 2147483647;
			files = (
			);
			inputFileListPaths = (
			);
			inputPaths = (
				"${PODS_PODFILE_DIR_PATH}/Podfile.lock",
				"${PODS_ROOT}/Manifest.lock",
			);
			name = "[CP] Check Pods Manifest.lock";
			outputFileListPaths = (
			);
			outputPaths = (
				"$(DERIVED_FILE_DIR)/Pods-Turkcell_Odev5_Posts-checkManifestLockResult.txt",
			);
			runOnlyForDeploymentPostprocessing = 0;
			shellPath = /bin/sh;
			shellScript = "diff \"${PODS_PODFILE_DIR_PATH}/Podfile.lock\" \"${PODS_ROOT}/Manifest.lock\" > /dev/null\nif [ $? != 0 ] ; then\n    # print error to STDERR\n    echo \"error: The sandbox is not in sync with the Podfile.lock. Run 'pod install' or update your CocoaPods installation.\" >&2\n    exit 1\nfi\n# This output is used by Xcode 'outputs' to avoid re-running this script phase.\necho \"SUCCESS\" > \"${SCRIPT_OUTPUT_FILE_0}\"\n";
			showEnvVarsInLog = 0;
		};
		CF2C305878522C7881E19950 /* [CP] Embed Pods Frameworks */ = {
			isa = PBXShellScriptBuildPhase;
			buildActionMask = 2147483647;
			files = (
			);
			inputFileListPaths = (
				"${PODS_ROOT}/Target Support Files/Pods-Turkcell_Odev5_Posts/Pods-Turkcell_Odev5_Posts-frameworks-${CONFIGURATION}-input-files.xcfilelist",
			);
			name = "[CP] Embed Pods Frameworks";
			outputFileListPaths = (
				"${PODS_ROOT}/Target Support Files/Pods-Turkcell_Odev5_Posts/Pods-Turkcell_Odev5_Posts-frameworks-${CONFIGURATION}-output-files.xcfilelist",
			);
			runOnlyForDeploymentPostprocessing = 0;
			shellPath = /bin/sh;
			shellScript = "\"${PODS_ROOT}/Target Support Files/Pods-Turkcell_Odev5_Posts/Pods-Turkcell_Odev5_Posts-frameworks.sh\"\n";
			showEnvVarsInLog = 0;
		};
/* End PBXShellScriptBuildPhase section */

/* Begin PBXSourcesBuildPhase section */
		80B3802B25C33B860049FC6F /* Sources */ = {
			isa = PBXSourcesBuildPhase;
			buildActionMask = 2147483647;
			files = (
				80B3805025C33EBF0049FC6F /* PostsTable.swift in Sources */,
				80B3805425C33EE10049FC6F /* Posts.swift in Sources */,
				80B3803325C33B860049FC6F /* AppDelegate.swift in Sources */,
				80B3805B25C344FF0049FC6F /* NewsDetail.swift in Sources */,
				80B3803525C33B860049FC6F /* SceneDelegate.swift in Sources */,
			);
			runOnlyForDeploymentPostprocessing = 0;
		};
/* End PBXSourcesBuildPhase section */

/* Begin PBXVariantGroup section */
		80B3803825C33B860049FC6F /* Main.storyboard */ = {
			isa = PBXVariantGroup;
			children = (
				80B3803925C33B860049FC6F /* Base */,
			);
			name = Main.storyboard;
			sourceTree = "<group>";
		};
		80B3803D25C33B890049FC6F /* LaunchScreen.storyboard */ = {
			isa = PBXVariantGroup;
			children = (
				80B3803E25C33B890049FC6F /* Base */,
			);
			name = LaunchScreen.storyboard;
			sourceTree = "<group>";
		};
/* End PBXVariantGroup section */

/* Begin XCBuildConfiguration section */
		80B3804125C33B890049FC6F /* Debug */ = {
			isa = XCBuildConfiguration;
			buildSettings = {
				ALWAYS_SEARCH_USER_PATHS = NO;
				CLANG_ANALYZER_NONNULL = YES;
				CLANG_ANALYZER_NUMBER_OBJECT_CONVERSION = YES_AGGRESSIVE;
				CLANG_CXX_LANGUAGE_STANDARD = "gnu++14";
				CLANG_CXX_LIBRARY = "libc++";
				CLANG_ENABLE_MODULES = YES;
				CLANG_ENABLE_OBJC_ARC = YES;
				CLANG_ENABLE_OBJC_WEAK = YES;
				CLANG_WARN_BLOCK_CAPTURE_AUTORELEASING = YES;
				CLANG_WARN_BOOL_CONVERSION = YES;
				CLANG_WARN_COMMA = YES;
				CLANG_WARN_CONSTANT_CONVERSION = YES;
				CLANG_WARN_DEPRECATED_OBJC_IMPLEMENTATIONS = YES;
				CLANG_WARN_DIRECT_OBJC_ISA_USAGE = YES_ERROR;
				CLANG_WARN_DOCUMENTATION_COMMENTS = YES;
				CLANG_WARN_EMPTY_BODY = YES;
				CLANG_WARN_ENUM_CONVERSION = YES;
				CLANG_WARN_INFINITE_RECURSION = YES;
				CLANG_WARN_INT_CONVERSION = YES;
				CLANG_WARN_NON_LITERAL_NULL_CONVERSION = YES;
				CLANG_WARN_OBJC_IMPLICIT_RETAIN_SELF = YES;
				CLANG_WARN_OBJC_LITERAL_CONVERSION = YES;
				CLANG_WARN_OBJC_ROOT_CLASS = YES_ERROR;
				CLANG_WARN_QUOTED_INCLUDE_IN_FRAMEWORK_HEADER = YES;
				CLANG_WARN_RANGE_LOOP_ANALYSIS = YES;
				CLANG_WARN_STRICT_PROTOTYPES = YES;
				CLANG_WARN_SUSPICIOUS_MOVE = YES;
				CLANG_WARN_UNGUARDED_AVAILABILITY = YES_AGGRESSIVE;
				CLANG_WARN_UNREACHABLE_CODE = YES;
				CLANG_WARN__DUPLICATE_METHOD_MATCH = YES;
				COPY_PHASE_STRIP = NO;
				DEBUG_INFORMATION_FORMAT = dwarf;
				ENABLE_STRICT_OBJC_MSGSEND = YES;
				ENABLE_TESTABILITY = YES;
				GCC_C_LANGUAGE_STANDARD = gnu11;
				GCC_DYNAMIC_NO_PIC = NO;
				GCC_NO_COMMON_BLOCKS = YES;
				GCC_OPTIMIZATION_LEVEL = 0;
				GCC_PREPROCESSOR_DEFINITIONS = (
					"DEBUG=1",
					"$(inherited)",
				);
				GCC_WARN_64_TO_32_BIT_CONVERSION = YES;
				GCC_WARN_ABOUT_RETURN_TYPE = YES_ERROR;
				GCC_WARN_UNDECLARED_SELECTOR = YES;
				GCC_WARN_UNINITIALIZED_AUTOS = YES_AGGRESSIVE;
				GCC_WARN_UNUSED_FUNCTION = YES;
				GCC_WARN_UNUSED_VARIABLE = YES;
				IPHONEOS_DEPLOYMENT_TARGET = 14.4;
				MTL_ENABLE_DEBUG_INFO = INCLUDE_SOURCE;
				MTL_FAST_MATH = YES;
				ONLY_ACTIVE_ARCH = YES;
				SDKROOT = iphoneos;
				SWIFT_ACTIVE_COMPILATION_CONDITIONS = DEBUG;
				SWIFT_OPTIMIZATION_LEVEL = "-Onone";
			};
			name = Debug;
		};
		80B3804225C33B890049FC6F /* Release */ = {
			isa = XCBuildConfiguration;
			buildSettings = {
				ALWAYS_SEARCH_USER_PATHS = NO;
				CLANG_ANALYZER_NONNULL = YES;
				CLANG_ANALYZER_NUMBER_OBJECT_CONVERSION = YES_AGGRESSIVE;
				CLANG_CXX_LANGUAGE_STANDARD = "gnu++14";
				CLANG_CXX_LIBRARY = "libc++";
				CLANG_ENABLE_MODULES = YES;
				CLANG_ENABLE_OBJC_ARC = YES;
				CLANG_ENABLE_OBJC_WEAK = YES;
				CLANG_WARN_BLOCK_CAPTURE_AUTORELEASING = YES;
				CLANG_WARN_BOOL_CONVERSION = YES;
				CLANG_WARN_COMMA = YES;
				CLANG_WARN_CONSTANT_CONVERSION = YES;
				CLANG_WARN_DEPRECATED_OBJC_IMPLEMENTATIONS = YES;
				CLANG_WARN_DIRECT_OBJC_ISA_USAGE = YES_ERROR;
				CLANG_WARN_DOCUMENTATION_COMMENTS = YES;
				CLANG_WARN_EMPTY_BODY = YES;
				CLANG_WARN_ENUM_CONVERSION = YES;
				CLANG_WARN_INFINITE_RECURSION = YES;
				CLANG_WARN_INT_CONVERSION = YES;
				CLANG_WARN_NON_LITERAL_NULL_CONVERSION = YES;
				CLANG_WARN_OBJC_IMPLICIT_RETAIN_SELF = YES;
				CLANG_WARN_OBJC_LITERAL_CONVERSION = YES;
				CLANG_WARN_OBJC_ROOT_CLASS = YES_ERROR;
				CLANG_WARN_QUOTED_INCLUDE_IN_FRAMEWORK_HEADER = YES;
				CLANG_WARN_RANGE_LOOP_ANALYSIS = YES;
				CLANG_WARN_STRICT_PROTOTYPES = YES;
				CLANG_WARN_SUSPICIOUS_MOVE = YES;
				CLANG_WARN_UNGUARDED_AVAILABILITY = YES_AGGRESSIVE;
				CLANG_WARN_UNREACHABLE_CODE = YES;
				CLANG_WARN__DUPLICATE_METHOD_MATCH = YES;
				COPY_PHASE_STRIP = NO;
				DEBUG_INFORMATION_FORMAT = "dwarf-with-dsym";
				ENABLE_NS_ASSERTIONS = NO;
				ENABLE_STRICT_OBJC_MSGSEND = YES;
				GCC_C_LANGUAGE_STANDARD = gnu11;
				GCC_NO_COMMON_BLOCKS = YES;
				GCC_WARN_64_TO_32_BIT_CONVERSION = YES;
				GCC_WARN_ABOUT_RETURN_TYPE = YES_ERROR;
				GCC_WARN_UNDECLARED_SELECTOR = YES;
				GCC_WARN_UNINITIALIZED_AUTOS = YES_AGGRESSIVE;
				GCC_WARN_UNUSED_FUNCTION = YES;
				GCC_WARN_UNUSED_VARIABLE = YES;
				IPHONEOS_DEPLOYMENT_TARGET = 14.4;
				MTL_ENABLE_DEBUG_INFO = NO;
				MTL_FAST_MATH = YES;
				SDKROOT = iphoneos;
				SWIFT_COMPILATION_MODE = wholemodule;
				SWIFT_OPTIMIZATION_LEVEL = "-O";
				VALIDATE_PRODUCT = YES;
			};
			name = Release;
		};
		80B3804425C33B890049FC6F /* Debug */ = {
			isa = XCBuildConfiguration;
			baseConfigurationReference = D7032EEA8C283C3A1989ED62 /* Pods-Turkcell_Odev5_Posts.debug.xcconfig */;
			buildSettings = {
				ASSETCATALOG_COMPILER_APPICON_NAME = AppIcon;
				ASSETCATALOG_COMPILER_GLOBAL_ACCENT_COLOR_NAME = AccentColor;
				CODE_SIGN_STYLE = Automatic;
				INFOPLIST_FILE = Turkcell_Odev5_Posts/Info.plist;
				LD_RUNPATH_SEARCH_PATHS = (
					"$(inherited)",
					"@executable_path/Frameworks",
				);
				PRODUCT_BUNDLE_IDENTIFIER = "appleApp.Turkcell-Odev5-Posts";
				PRODUCT_NAME = "$(TARGET_NAME)";
				SWIFT_VERSION = 5.0;
				TARGETED_DEVICE_FAMILY = "1,2";
			};
			name = Debug;
		};
		80B3804525C33B890049FC6F /* Release */ = {
			isa = XCBuildConfiguration;
			baseConfigurationReference = BA9CC62411F9C4BA7465A3C9 /* Pods-Turkcell_Odev5_Posts.release.xcconfig */;
			buildSettings = {
				ASSETCATALOG_COMPILER_APPICON_NAME = AppIcon;
				ASSETCATALOG_COMPILER_GLOBAL_ACCENT_COLOR_NAME = AccentColor;
				CODE_SIGN_STYLE = Automatic;
				INFOPLIST_FILE = Turkcell_Odev5_Posts/Info.plist;
				LD_RUNPATH_SEARCH_PATHS = (
					"$(inherited)",
					"@executable_path/Frameworks",
				);
				PRODUCT_BUNDLE_IDENTIFIER = "appleApp.Turkcell-Odev5-Posts";
				PRODUCT_NAME = "$(TARGET_NAME)";
				SWIFT_VERSION = 5.0;
				TARGETED_DEVICE_FAMILY = "1,2";
			};
			name = Release;
		};
/* End XCBuildConfiguration section */

/* Begin XCConfigurationList section */
		80B3802A25C33B860049FC6F /* Build configuration list for PBXProject "Turkcell_Odev5_Posts" */ = {
			isa = XCConfigurationList;
			buildConfigurations = (
				80B3804125C33B890049FC6F /* Debug */,
				80B3804225C33B890049FC6F /* Release */,
			);
			defaultConfigurationIsVisible = 0;
			defaultConfigurationName = Release;
		};
		80B3804325C33B890049FC6F /* Build configuration list for PBXNativeTarget "Turkcell_Odev5_Posts" */ = {
			isa = XCConfigurationList;
			buildConfigurations = (
				80B3804425C33B890049FC6F /* Debug */,
				80B3804525C33B890049FC6F /* Release */,
			);
			defaultConfigurationIsVisible = 0;
			defaultConfigurationName = Release;
		};
/* End XCConfigurationList section */
	};
	rootObject = 80B3802725C33B860049FC6F /* Project object */;
}
